
Microsoft Visual Studio Solution File, Format Version 12.00
# Visual Studio Version 17
VisualStudioVersion = 17.4.33006.217
MinimumVisualStudioVersion = 10.0.40219.1
Project("{9A19103F-16F7-4668-BE54-9A1E7A4F7556}") = "AddInManager", "AddInManager\AddInManager.csproj", "{CE907517-6F55-49EC-A6CE-BB614C292CF1}"
EndProject
Project("{FAE04EC0-301F-11D3-BF4B-00C04F79EFBC}") = "AddInManager.IndexGenerator", "AddInManager.IndexGenerator\AddInManager.IndexGenerator.csproj", "{598D30ED-1525-45C5-81D6-4A26AFAC1CAA}"
EndProject
Project("{FAE04EC0-301F-11D3-BF4B-00C04F79EFBC}") = "AddInManager.Common", "AddInManager.Common\AddInManager.Common.csproj", "{AF852BE1-3522-4EB5-B546-50F412A17EE9}"
EndProject
Project("{B7DD6F7E-DEF8-4E67-B5B7-07EF123DB6F0}") = "ExcelAddInBundle", "Installer\ExcelAddInBundle\ExcelAddInBundle.wixproj", "{A71CF439-29AB-461D-14C6-D0DC10B29DE0}"
EndProject
Project("{B7DD6F7E-DEF8-4E67-B5B7-07EF123DB6F0}") = "ExcelAddInDeploy", "Installer\ExcelAddInDeploy\ExcelAddInDeploy.wixproj", "{060F16AA-9FEC-C973-E753-4EBC11A4A704}"
EndProject
Project("{FAE04EC0-301F-11D3-BF4B-00C04F79EFBC}") = "InstallerCA", "Installer\InstallerCA\InstallerCA.csproj", "{46AC88FE-691E-9D4B-2A2C-5938656345AA}"
EndProject
Project("{2150E333-8FDC-42A3-9474-1A3956D46DE8}") = "Installer", "Installer", "{02EA681E-C7D8-13C7-8484-4AC65E1B71E8}"
EndProject
Project("{2150E333-8FDC-42A3-9474-1A3956D46DE8}") = "AddInManager", "AddInManager", "{677F0624-FF51-47C3-AC25-2E94FC4C81B9}"
EndProject
Global
	GlobalSection(SolutionConfigurationPlatforms) = preSolution
		Debug|Any CPU = Debug|Any CPU
		Debug|ARM64 = Debug|ARM64
		Debug|x64 = Debug|x64
		Debug|x86 = Debug|x86
		Release|Any CPU = Release|Any CPU
		Release|ARM64 = Release|ARM64
		Release|x64 = Release|x64
		Release|x86 = Release|x86
	EndGlobalSection
	GlobalSection(ProjectConfigurationPlatforms) = postSolution
		{CE907517-6F55-49EC-A6CE-BB614C292CF1}.Debug|Any CPU.ActiveCfg = Debug|Any CPU
		{CE907517-6F55-49EC-A6CE-BB614C292CF1}.Debug|Any CPU.Build.0 = Debug|Any CPU
		{CE907517-6F55-49EC-A6CE-BB614C292CF1}.Debug|ARM64.ActiveCfg = Debug|Any CPU
		{CE907517-6F55-49EC-A6CE-BB614C292CF1}.Debug|ARM64.Build.0 = Debug|Any CPU
		{CE907517-6F55-49EC-A6CE-BB614C292CF1}.Debug|x64.ActiveCfg = Debug|Any CPU
		{CE907517-6F55-49EC-A6CE-BB614C292CF1}.Debug|x64.Build.0 = Debug|Any CPU
		{CE907517-6F55-49EC-A6CE-BB614C292CF1}.Debug|x86.ActiveCfg = Debug|Any CPU
		{CE907517-6F55-49EC-A6CE-BB614C292CF1}.Debug|x86.Build.0 = Debug|Any CPU
		{CE907517-6F55-49EC-A6CE-BB614C292CF1}.Release|Any CPU.ActiveCfg = Release|Any CPU
		{CE907517-6F55-49EC-A6CE-BB614C292CF1}.Release|Any CPU.Build.0 = Release|Any CPU
		{CE907517-6F55-49EC-A6CE-BB614C292CF1}.Release|ARM64.ActiveCfg = Release|Any CPU
		{CE907517-6F55-49EC-A6CE-BB614C292CF1}.Release|ARM64.Build.0 = Release|Any CPU
		{CE907517-6F55-49EC-A6CE-BB614C292CF1}.Release|x64.ActiveCfg = Release|Any CPU
		{CE907517-6F55-49EC-A6CE-BB614C292CF1}.Release|x64.Build.0 = Release|Any CPU
		{CE907517-6F55-49EC-A6CE-BB614C292CF1}.Release|x86.ActiveCfg = Release|Any CPU
		{CE907517-6F55-49EC-A6CE-BB614C292CF1}.Release|x86.Build.0 = Release|Any CPU
		{598D30ED-1525-45C5-81D6-4A26AFAC1CAA}.Debug|Any CPU.ActiveCfg = Debug|Any CPU
		{598D30ED-1525-45C5-81D6-4A26AFAC1CAA}.Debug|Any CPU.Build.0 = Debug|Any CPU
		{598D30ED-1525-45C5-81D6-4A26AFAC1CAA}.Debug|ARM64.ActiveCfg = Debug|Any CPU
		{598D30ED-1525-45C5-81D6-4A26AFAC1CAA}.Debug|ARM64.Build.0 = Debug|Any CPU
		{598D30ED-1525-45C5-81D6-4A26AFAC1CAA}.Debug|x64.ActiveCfg = Debug|Any CPU
		{598D30ED-1525-45C5-81D6-4A26AFAC1CAA}.Debug|x64.Build.0 = Debug|Any CPU
		{598D30ED-1525-45C5-81D6-4A26AFAC1CAA}.Debug|x86.ActiveCfg = Debug|Any CPU
		{598D30ED-1525-45C5-81D6-4A26AFAC1CAA}.Debug|x86.Build.0 = Debug|Any CPU
		{598D30ED-1525-45C5-81D6-4A26AFAC1CAA}.Release|Any CPU.ActiveCfg = Release|Any CPU
		{598D30ED-1525-45C5-81D6-4A26AFAC1CAA}.Release|Any CPU.Build.0 = Release|Any CPU
		{598D30ED-1525-45C5-81D6-4A26AFAC1CAA}.Release|ARM64.ActiveCfg = Release|Any CPU
		{598D30ED-1525-45C5-81D6-4A26AFAC1CAA}.Release|ARM64.Build.0 = Release|Any CPU
		{598D30ED-1525-45C5-81D6-4A26AFAC1CAA}.Release|x64.ActiveCfg = Release|Any CPU
		{598D30ED-1525-45C5-81D6-4A26AFAC1CAA}.Release|x64.Build.0 = Release|Any CPU
		{598D30ED-1525-45C5-81D6-4A26AFAC1CAA}.Release|x86.ActiveCfg = Release|Any CPU
		{598D30ED-1525-45C5-81D6-4A26AFAC1CAA}.Release|x86.Build.0 = Release|Any CPU
		{AF852BE1-3522-4EB5-B546-50F412A17EE9}.Debug|Any CPU.ActiveCfg = Debug|Any CPU
		{AF852BE1-3522-4EB5-B546-50F412A17EE9}.Debug|Any CPU.Build.0 = Debug|Any CPU
		{AF852BE1-3522-4EB5-B546-50F412A17EE9}.Debug|ARM64.ActiveCfg = Debug|Any CPU
		{AF852BE1-3522-4EB5-B546-50F412A17EE9}.Debug|ARM64.Build.0 = Debug|Any CPU
		{AF852BE1-3522-4EB5-B546-50F412A17EE9}.Debug|x64.ActiveCfg = Debug|Any CPU
		{AF852BE1-3522-4EB5-B546-50F412A17EE9}.Debug|x64.Build.0 = Debug|Any CPU
		{AF852BE1-3522-4EB5-B546-50F412A17EE9}.Debug|x86.ActiveCfg = Debug|Any CPU
		{AF852BE1-3522-4EB5-B546-50F412A17EE9}.Debug|x86.Build.0 = Debug|Any CPU
		{AF852BE1-3522-4EB5-B546-50F412A17EE9}.Release|Any CPU.ActiveCfg = Release|Any CPU
		{AF852BE1-3522-4EB5-B546-50F412A17EE9}.Release|Any CPU.Build.0 = Release|Any CPU
		{AF852BE1-3522-4EB5-B546-50F412A17EE9}.Release|ARM64.ActiveCfg = Release|Any CPU
		{AF852BE1-3522-4EB5-B546-50F412A17EE9}.Release|ARM64.Build.0 = Release|Any CPU
		{AF852BE1-3522-4EB5-B546-50F412A17EE9}.Release|x64.ActiveCfg = Release|Any CPU
		{AF852BE1-3522-4EB5-B546-50F412A17EE9}.Release|x64.Build.0 = Release|Any CPU
		{AF852BE1-3522-4EB5-B546-50F412A17EE9}.Release|x86.ActiveCfg = Release|Any CPU
		{AF852BE1-3522-4EB5-B546-50F412A17EE9}.Release|x86.Build.0 = Release|Any CPU
		{A71CF439-29AB-461D-14C6-D0DC10B29DE0}.Debug|Any CPU.ActiveCfg = Debug|x64
		{A71CF439-29AB-461D-14C6-D0DC10B29DE0}.Debug|Any CPU.Build.0 = Debug|x64
		{A71CF439-29AB-461D-14C6-D0DC10B29DE0}.Debug|ARM64.ActiveCfg = Debug|ARM64
		{A71CF439-29AB-461D-14C6-D0DC10B29DE0}.Debug|ARM64.Build.0 = Debug|ARM64
		{A71CF439-29AB-461D-14C6-D0DC10B29DE0}.Debug|x64.ActiveCfg = Debug|x64
		{A71CF439-29AB-461D-14C6-D0DC10B29DE0}.Debug|x64.Build.0 = Debug|x64
		{A71CF439-29AB-461D-14C6-D0DC10B29DE0}.Debug|x86.ActiveCfg = Debug|x86
		{A71CF439-29AB-461D-14C6-D0DC10B29DE0}.Debug|x86.Build.0 = Debug|x86
		{A71CF439-29AB-461D-14C6-D0DC10B29DE0}.Release|Any CPU.ActiveCfg = Release|x64
		{A71CF439-29AB-461D-14C6-D0DC10B29DE0}.Release|Any CPU.Build.0 = Release|x64
		{A71CF439-29AB-461D-14C6-D0DC10B29DE0}.Release|ARM64.ActiveCfg = Release|ARM64
		{A71CF439-29AB-461D-14C6-D0DC10B29DE0}.Release|ARM64.Build.0 = Release|ARM64
		{A71CF439-29AB-461D-14C6-D0DC10B29DE0}.Release|x64.ActiveCfg = Release|x64
		{A71CF439-29AB-461D-14C6-D0DC10B29DE0}.Release|x64.Build.0 = Release|x64
		{A71CF439-29AB-461D-14C6-D0DC10B29DE0}.Release|x86.ActiveCfg = Release|x86
		{A71CF439-29AB-461D-14C6-D0DC10B29DE0}.Release|x86.Build.0 = Release|x86
		{060F16AA-9FEC-C973-E753-4EBC11A4A704}.Debug|Any CPU.ActiveCfg = Debug|x64
		{060F16AA-9FEC-C973-E753-4EBC11A4A704}.Debug|Any CPU.Build.0 = Debug|x64
		{060F16AA-9FEC-C973-E753-4EBC11A4A704}.Debug|ARM64.ActiveCfg = Debug|ARM64
		{060F16AA-9FEC-C973-E753-4EBC11A4A704}.Debug|ARM64.Build.0 = Debug|ARM64
		{060F16AA-9FEC-C973-E753-4EBC11A4A704}.Debug|x64.ActiveCfg = Debug|x64
		{060F16AA-9FEC-C973-E753-4EBC11A4A704}.Debug|x64.Build.0 = Debug|x64
		{060F16AA-9FEC-C973-E753-4EBC11A4A704}.Debug|x86.ActiveCfg = Debug|x86
		{060F16AA-9FEC-C973-E753-4EBC11A4A704}.Debug|x86.Build.0 = Debug|x86
		{060F16AA-9FEC-C973-E753-4EBC11A4A704}.Release|Any CPU.ActiveCfg = Release|x64
		{060F16AA-9FEC-C973-E753-4EBC11A4A704}.Release|Any CPU.Build.0 = Release|x64
		{060F16AA-9FEC-C973-E753-4EBC11A4A704}.Release|ARM64.ActiveCfg = Release|ARM64
		{060F16AA-9FEC-C973-E753-4EBC11A4A704}.Release|ARM64.Build.0 = Release|ARM64
		{060F16AA-9FEC-C973-E753-4EBC11A4A704}.Release|x64.ActiveCfg = Release|x64
		{060F16AA-9FEC-C973-E753-4EBC11A4A704}.Release|x64.Build.0 = Release|x64
		{060F16AA-9FEC-C973-E753-4EBC11A4A704}.Release|x86.ActiveCfg = Release|x86
		{060F16AA-9FEC-C973-E753-4EBC11A4A704}.Release|x86.Build.0 = Release|x86
		{46AC88FE-691E-9D4B-2A2C-5938656345AA}.Debug|Any CPU.ActiveCfg = Debug|Any CPU
		{46AC88FE-691E-9D4B-2A2C-5938656345AA}.Debug|Any CPU.Build.0 = Debug|Any CPU
		{46AC88FE-691E-9D4B-2A2C-5938656345AA}.Debug|ARM64.ActiveCfg = Debug|Any CPU
		{46AC88FE-691E-9D4B-2A2C-5938656345AA}.Debug|ARM64.Build.0 = Debug|Any CPU
		{46AC88FE-691E-9D4B-2A2C-5938656345AA}.Debug|x64.ActiveCfg = Debug|Any CPU
		{46AC88FE-691E-9D4B-2A2C-5938656345AA}.Debug|x64.Build.0 = Debug|Any CPU
		{46AC88FE-691E-9D4B-2A2C-5938656345AA}.Debug|x86.ActiveCfg = Debug|Any CPU
		{46AC88FE-691E-9D4B-2A2C-5938656345AA}.Debug|x86.Build.0 = Debug|Any CPU
		{46AC88FE-691E-9D4B-2A2C-5938656345AA}.Release|Any CPU.ActiveCfg = Release|Any CPU
		{46AC88FE-691E-9D4B-2A2C-5938656345AA}.Release|Any CPU.Build.0 = Release|Any CPU
		{46AC88FE-691E-9D4B-2A2C-5938656345AA}.Release|ARM64.ActiveCfg = Release|Any CPU
		{46AC88FE-691E-9D4B-2A2C-5938656345AA}.Release|ARM64.Build.0 = Release|Any CPU
		{46AC88FE-691E-9D4B-2A2C-5938656345AA}.Release|x64.ActiveCfg = Release|Any CPU
		{46AC88FE-691E-9D4B-2A2C-5938656345AA}.Release|x64.Build.0 = Release|Any CPU
		{46AC88FE-691E-9D4B-2A2C-5938656345AA}.Release|x86.ActiveCfg = Release|Any CPU
		{46AC88FE-691E-9D4B-2A2C-5938656345AA}.Release|x86.Build.0 = Release|Any CPU
	EndGlobalSection
	GlobalSection(SolutionProperties) = preSolution
		HideSolutionNode = FALSE
	EndGlobalSection
	GlobalSection(NestedProjects) = preSolution
		{CE907517-6F55-49EC-A6CE-BB614C292CF1} = {677F0624-FF51-47C3-AC25-2E94FC4C81B9}
		{598D30ED-1525-45C5-81D6-4A26AFAC1CAA} = {677F0624-FF51-47C3-AC25-2E94FC4C81B9}
		{AF852BE1-3522-4EB5-B546-50F412A17EE9} = {677F0624-FF51-47C3-AC25-2E94FC4C81B9}
		{A71CF439-29AB-461D-14C6-D0DC10B29DE0} = {02EA681E-C7D8-13C7-8484-4AC65E1B71E8}
		{060F16AA-9FEC-C973-E753-4EBC11A4A704} = {02EA681E-C7D8-13C7-8484-4AC65E1B71E8}
		{46AC88FE-691E-9D4B-2A2C-5938656345AA} = {02EA681E-C7D8-13C7-8484-4AC65E1B71E8}
	EndGlobalSection
	GlobalSection(ExtensibilityGlobals) = postSolution
		SolutionGuid = {6F72F8CC-8B73-4E05-90AD-A99783DCDBF2}
	EndGlobalSection
EndGlobal
